// !$*UTF8*$!
{
	archiveVersion = 1;
	classes = {
	};
	objectVersion = 46;
	objects = {

/* Begin PBXBuildFile section */
		1C003F44145BB1D800D768F5 /* main.cpp in Sources */ = {isa = PBXBuildFile; fileRef = 1C003F43145BB1D800D768F5 /* main.cpp */; };
		1C003F46145BB1D800D768F5 /* HelloWorldGA.1 in CopyFiles */ = {isa = PBXBuildFile; fileRef = 1C003F45145BB1D800D768F5 /* HelloWorldGA.1 */; };
/* End PBXBuildFile section */

/* Begin PBXCopyFilesBuildPhase section */
		1C003F3D145BB1D800D768F5 /* CopyFiles */ = {
			isa = PBXCopyFilesBuildPhase;
			buildActionMask = 2147483647;
			dstPath = /usr/share/man/man1/;
			dstSubfolderSpec = 0;
			files = (
				1C003F46145BB1D800D768F5 /* HelloWorldGA.1 in CopyFiles */,
			);
			runOnlyForDeploymentPostprocessing = 1;
		};
/* End PBXCopyFilesBuildPhase section */

/* Begin PBXFileReference section */
		1C003F3F145BB1D800D768F5 /* HelloWorldGA */ = {isa = PBXFileReference; explicitFileType = "compiled.mach-o.executable"; includeInIndex = 0; path = HelloWorldGA; sourceTree = BUILT_PRODUCTS_DIR; };
		1C003F43145BB1D800D768F5 /* main.cpp */ = {isa = PBXFileReference; lastKnownFileType = sourcecode.cpp.cpp; path = main.cpp; sourceTree = "<group>"; };
		1C003F45145BB1D800D768F5 /* HelloWorldGA.1 */ = {isa = PBXFileReference; lastKnownFileType = text.man; path = HelloWorldGA.1; sourceTree = "<group>"; };
/* End PBXFileReference section */

/* Begin PBXFrameworksBuildPhase section */
		1C003F3C145BB1D800D768F5 /* Frameworks */ = {
			isa = PBXFrameworksBuildPhase;
			buildActionMask = 2147483647;
			files = (
			);
			runOnlyForDeploymentPostprocessing = 0;
		};
/* End PBXFrameworksBuildPhase section */

/* Begin PBXGroup section */
		1C003F34145BB1D800D768F5 = {
			isa = PBXGroup;
			children = (
				1C003F42145BB1D800D768F5 /* HelloWorldGA */,
				1C003F40145BB1D800D768F5 /* Products */,
			);
			sourceTree = "<group>";
		};
		1C003F40145BB1D800D768F5 /* Products */ = {
			isa = PBXGroup;
			children = (
				1C003F3F145BB1D800D768F5 /* HelloWorldGA */,
			);
			name = Products;
			sourceTree = "<group>";
		};
		1C003F42145BB1D800D768F5 /* HelloWorldGA */ = {
			isa = PBXGroup;
			children = (
				1C003F43145BB1D800D768F5 /* main.cpp */,
				1C003F45145BB1D800D768F5 /* HelloWorldGA.1 */,
			);
			path = HelloWorldGA;
			sourceTree = "<group>";
		};
/* End PBXGroup section */

/* Begin PBXNativeTarget section */
		1C003F3E145BB1D800D768F5 /* HelloWorldGA */ = {
			isa = PBXNativeTarget;
			buildConfigurationList = 1C003F49145BB1D800D768F5 /* Build configuration list for PBXNativeTarget "HelloWorldGA" */;
			buildPhases = (
				1C003F3B145BB1D800D768F5 /* Sources */,
				1C003F3C145BB1D800D768F5 /* Frameworks */,
				1C003F3D145BB1D800D768F5 /* CopyFiles */,
			);
			buildRules = (
			);
			dependencies = (
			);
			name = HelloWorldGA;
			productName = HelloWorldGA;
			productReference = 1C003F3F145BB1D800D768F5 /* HelloWorldGA */;
			productType = "com.apple.product-type.tool";
		};
/* End PBXNativeTarget section */

/* Begin PBXProject section */
		1C003F36145BB1D800D768F5 /* Project object */ = {
			isa = PBXProject;
			buildConfigurationList = 1C003F39145BB1D800D768F5 /* Build configuration list for PBXProject "HelloWorldGA" */;
			compatibilityVersion = "Xcode 3.2";
			developmentRegion = English;
			hasScannedForEncodings = 0;
			knownRegions = (
				en,
			);
			mainGroup = 1C003F34145BB1D800D768F5;
			productRefGroup = 1C003F40145BB1D800D768F5 /* Products */;
			projectDirPath = "";
			projectRoot = "";
			targets = (
				1C003F3E145BB1D800D768F5 /* HelloWorldGA */,
			);
		};
/* End PBXProject section */

/* Begin PBXSourcesBuildPhase section */
		1C003F3B145BB1D800D768F5 /* Sources */ = {
			isa = PBXSourcesBuildPhase;
			buildActionMask = 2147483647;
			files = (
				1C003F44145BB1D800D768F5 /* main.cpp in Sources */,
			);
			runOnlyForDeploymentPostprocessing = 0;
		};
/* End PBXSourcesBuildPhase section */

/* Begin XCBuildConfiguration section */
		1C003F47145BB1D800D768F5 /* Debug */ = {
			isa = XCBuildConfiguration;
			buildSettings = {
				ALWAYS_SEARCH_USER_PATHS = NO;
				ARCHS = "$(ARCHS_STANDARD_64_BIT)";
				COPY_PHASE_STRIP = NO;
				GCC_C_LANGUAGE_STANDARD = gnu99;
				GCC_DYNAMIC_NO_PIC = NO;
				GCC_ENABLE_OBJC_EXCEPTIONS = YES;
				GCC_OPTIMIZATION_LEVEL = 0;
				GCC_PREPROCESSOR_DEFINITIONS = (
					"DEBUG=1",
					"$(inherited)",
				);
				GCC_SYMBOLS_PRIVATE_EXTERN = NO;
				GCC_VERSION = com.apple.compilers.llvm.clang.1_0;
				GCC_WARN_64_TO_32_BIT_CONVERSION = YES;
				GCC_WARN_ABOUT_MISSING_PROTOTYPES = YES;
				GCC_WARN_ABOUT_RETURN_TYPE = YES;
				GCC_WARN_UNUSED_VARIABLE = YES;
				MACOSX_DEPLOYMENT_TARGET = 10.7;
				ONLY_ACTIVE_ARCH = YES;
				SDKROOT = macosx;
			};
			name = Debug;
		};
		1C003F48145BB1D800D768F5 /* Release */ = {
			isa = XCBuildConfiguration;
			buildSettings = {
				ALWAYS_SEARCH_USER_PATHS = NO;
				ARCHS = "$(ARCHS_STANDARD_64_BIT)";
				COPY_PHASE_STRIP = YES;
				DEBUG_INFORMATION_FORMAT = "dwarf-with-dsym";
				GCC_C_LANGUAGE_STANDARD = gnu99;
				GCC_ENABLE_OBJC_EXCEPTIONS = YES;
				GCC_VERSION = com.apple.compilers.llvm.clang.1_0;
				GCC_WARN_64_TO_32_BIT_CONVERSION = YES;
				GCC_WARN_ABOUT_MISSING_PROTOTYPES = YES;
				GCC_WARN_ABOUT_RETURN_TYPE = YES;
				GCC_WARN_UNUSED_VARIABLE = YES;
				MACOSX_DEPLOYMENT_TARGET = 10.7;
				SDKROOT = macosx;
			};
			name = Release;
		};
		1C003F4A145BB1D800D768F5 /* Debug */ = {
			isa = XCBuildConfiguration;
			buildSettings = {
				PRODUCT_NAME = "$(TARGET_NAME)";
			};
			name = Debug;
		};
		1C003F4B145BB1D800D768F5 /* Release */ = {
			isa = XCBuildConfiguration;
			buildSettings = {
				PRODUCT_NAME = "$(TARGET_NAME)";
			};
			name = Release;
		};
/* End XCBuildConfiguration section */

/* Begin XCConfigurationList section */
		1C003F39145BB1D800D768F5 /* Build configuration list for PBXProject "HelloWorldGA" */ = {
			isa = XCConfigurationList;
			buildConfigurations = (
				1C003F47145BB1D800D768F5 /* Debug */,
				1C003F48145BB1D800D768F5 /* Release */,
			);
			defaultConfigurationIsVisible = 0;
			defaultConfigurationName = Release;
		};
		1C003F49145BB1D800D768F5 /* Build configuration list for PBXNativeTarget "HelloWorldGA" */ = {
			isa = XCConfigurationList;
			buildConfigurations = (
				1C003F4A145BB1D800D768F5 /* Debug */,
				1C003F4B145BB1D800D768F5 /* Release */,
			);
			defaultConfigurationIsVisible = 0;
		};
/* End XCConfigurationList section */
	};
	rootObject = 1C003F36145BB1D800D768F5 /* Project object */;
}
